<?xml version="1.0" encoding="utf-8"?>
<Project ToolsVersion="4.0" xmlns="http://schemas.microsoft.com/developer/msbuild/2003">
  <ItemGroup>
    <Filter Include="ソース ファイル">
      <UniqueIdentifier>{4FC737F1-C7A5-4376-A066-2A32D752A2FF}</UniqueIdentifier>
      <Extensions>cpp;c;cc;cxx;c++;cppm;ixx;def;odl;idl;hpj;bat;asm;asmx</Extensions>
    </Filter>
    <Filter Include="ヘッダー ファイル">
      <UniqueIdentifier>{93995380-89BD-4b04-88EB-625FBE52EBFB}</UniqueIdentifier>
      <Extensions>h;hh;hpp;hxx;h++;hm;inl;inc;ipp;xsd</Extensions>
    </Filter>
    <Filter Include="リソース ファイル">
      <UniqueIdentifier>{67DA6AB6-F800-4c08-8B7A-83BB121AAD01}</UniqueIdentifier>
      <Extensions>rc;ico;cur;bmp;dlg;rc2;rct;bin;rgs;gif;jpg;jpeg;jpe;resx;tiff;tif;png;wav;mfcribbon-ms</Extensions>
    </Filter>
    <Filter Include="ソース ファイル\material">
      <UniqueIdentifier>{28503a5b-7561-4dfc-b524-7dbffda5a7bb}</UniqueIdentifier>
    </Filter>
    <Filter Include="ヘッダー ファイル\material">
      <UniqueIdentifier>{28db7f35-1263-4317-9b77-3a731985f207}</UniqueIdentifier>
    </Filter>
    <Filter Include="ヘッダー ファイル\states">
      <UniqueIdentifier>{25949cad-ae07-4c99-886e-5919d33d6c8d}</UniqueIdentifier>
    </Filter>
    <Filter Include="ソース ファイル\states">
      <UniqueIdentifier>{fd4a1b62-256a-4f37-a8d0-d0f4e0b600a4}</UniqueIdentifier>
    </Filter>
    <Filter Include="ヘッダー ファイル\postProcess">
      <UniqueIdentifier>{c687ad72-64cc-421b-82af-4756854a4110}</UniqueIdentifier>
    </Filter>
    <Filter Include="ソース ファイル\postProcess">
      <UniqueIdentifier>{e335f01a-1916-479d-9f8f-870d65cd0b9c}</UniqueIdentifier>
    </Filter>
  </ItemGroup>
  <ItemGroup>
    <ClCompile Include="main.cpp">
      <Filter>ソース ファイル</Filter>
    </ClCompile>
    <ClCompile Include="camera.cpp">
      <Filter>ソース ファイル</Filter>
    </ClCompile>
    <ClCompile Include="mesh.cpp">
      <Filter>ソース ファイル</Filter>
    </ClCompile>
    <ClCompile Include="graphics.cpp">
      <Filter>ソース ファイル</Filter>
    </ClCompile>
    <ClCompile Include="model.cpp">
      <Filter>ソース ファイル</Filter>
    </ClCompile>
    <ClCompile Include="shader.cpp">
      <Filter>ソース ファイル</Filter>
    </ClCompile>
    <ClCompile Include="modelResource.cpp">
      <Filter>ソース ファイル</Filter>
    </ClCompile>
    <ClCompile Include="outLine.cpp">
      <Filter>ソース ファイル</Filter>
    </ClCompile>
    <ClCompile Include="litMaterial.cpp">
      <Filter>ソース ファイル\material</Filter>
    </ClCompile>
    <ClCompile Include="material.cpp">
      <Filter>ソース ファイル\material</Filter>
    </ClCompile>
    <ClCompile Include="outLineMaterial.cpp">
      <Filter>ソース ファイル\material</Filter>
    </ClCompile>
    <ClCompile Include="unLitMaterial.cpp">
      <Filter>ソース ファイル\material</Filter>
    </ClCompile>
    <ClCompile Include="renderQueue.cpp">
      <Filter>ソース ファイル</Filter>
    </ClCompile>
    <ClCompile Include="blendStates.cpp">
      <Filter>ソース ファイル\states</Filter>
    </ClCompile>
    <ClCompile Include="depthStencilStates.cpp">
      <Filter>ソース ファイル\states</Filter>
    </ClCompile>
    <ClCompile Include="rasterizerStates.cpp">
      <Filter>ソース ファイル\states</Filter>
    </ClCompile>
    <ClCompile Include="renderer.cpp">
      <Filter>ソース ファイル</Filter>
    </ClCompile>
    <ClCompile Include="renderTarget.cpp">
      <Filter>ソース ファイル</Filter>
    </ClCompile>
    <ClCompile Include="postProcess.cpp">
      <Filter>ソース ファイル\postProcess</Filter>
    </ClCompile>
    <ClCompile Include="Shaders\LitShader.hlsl">
      <Filter>リソース ファイル</Filter>
    </ClCompile>
    <ClCompile Include="Shaders\Monochromatic.hlsl">
      <Filter>リソース ファイル</Filter>
    </ClCompile>
    <ClCompile Include="Shaders\OutlineShader.hlsl">
      <Filter>リソース ファイル</Filter>
    </ClCompile>
    <ClCompile Include="Shaders\ScreenBlit.hlsl">
      <Filter>リソース ファイル</Filter>
    </ClCompile>
    <ClCompile Include="Shaders\Shader.hlsl">
      <Filter>リソース ファイル</Filter>
    </ClCompile>
    <ClCompile Include="Shaders\UnLitShader.hlsl">
      <Filter>リソース ファイル</Filter>
    </ClCompile>
    <ClCompile Include="Shaders\InversionShader.hlsl">
      <Filter>リソース ファイル</Filter>
    </ClCompile>
    <ClCompile Include="Shaders\SepiaShader.hlsl">
      <Filter>リソース ファイル</Filter>
    </ClCompile>
    <ClCompile Include="Shaders\SimpleBoxBlurShader.hlsl">
      <Filter>リソース ファイル</Filter>
    </ClCompile>
    <ClCompile Include="Shaders\SharpenShader.hlsl">
      <Filter>リソース ファイル</Filter>
    </ClCompile>
  </ItemGroup>
  <ItemGroup>
    <ClInclude Include="camera.h">
      <Filter>ヘッダー ファイル</Filter>
    </ClInclude>
    <ClInclude Include="mesh.h">
      <Filter>ヘッダー ファイル</Filter>
    </ClInclude>
    <ClInclude Include="vertex.h">
      <Filter>ヘッダー ファイル</Filter>
    </ClInclude>
    <ClInclude Include="graphics.h">
      <Filter>ヘッダー ファイル</Filter>
    </ClInclude>
    <ClInclude Include="model.h">
      <Filter>ヘッダー ファイル</Filter>
    </ClInclude>
    <ClInclude Include="graphicsCommon.h">
      <Filter>ヘッダー ファイル</Filter>
    </ClInclude>
    <ClInclude Include="shader.h">
      <Filter>ヘッダー ファイル</Filter>
    </ClInclude>
    <ClInclude Include="shaderManager.h">
      <Filter>ヘッダー ファイル</Filter>
    </ClInclude>
    <ClInclude Include="modelResource.h">
      <Filter>ヘッダー ファイル</Filter>
    </ClInclude>
    <ClInclude Include="outLine.h">
      <Filter>ヘッダー ファイル</Filter>
    </ClInclude>
    <ClInclude Include="litMaterial.h">
      <Filter>ヘッダー ファイル\material</Filter>
    </ClInclude>
    <ClInclude Include="material.h">
      <Filter>ヘッダー ファイル\material</Filter>
    </ClInclude>
    <ClInclude Include="outLineMaterial.h">
      <Filter>ヘッダー ファイル\material</Filter>
    </ClInclude>
    <ClInclude Include="unLitMaterial.h">
      <Filter>ヘッダー ファイル\material</Filter>
    </ClInclude>
    <ClInclude Include="renderQueue.h">
      <Filter>ヘッダー ファイル</Filter>
    </ClInclude>
    <ClInclude Include="mathUtils.h">
      <Filter>ヘッダー ファイル</Filter>
    </ClInclude>
    <ClInclude Include="blendStates.h">
      <Filter>ヘッダー ファイル\states</Filter>
    </ClInclude>
    <ClInclude Include="depthStencilStates.h">
      <Filter>ヘッダー ファイル\states</Filter>
    </ClInclude>
    <ClInclude Include="rasterizerStates.h">
      <Filter>ヘッダー ファイル\states</Filter>
    </ClInclude>
    <ClInclude Include="renderer.h">
      <Filter>ヘッダー ファイル</Filter>
    </ClInclude>
    <ClInclude Include="renderTarget.h">
      <Filter>ヘッダー ファイル</Filter>
    </ClInclude>
    <ClInclude Include="postProcess.h">
      <Filter>ヘッダー ファイル\postProcess</Filter>
    </ClInclude>
    <ClInclude Include="monochromePostProcess.h">
      <Filter>ヘッダー ファイル\postProcess</Filter>
    </ClInclude>
    <ClInclude Include="screenBlitPostProcess.h">
      <Filter>ヘッダー ファイル\postProcess</Filter>
    </ClInclude>
    <ClInclude Include="inversionPostProcess.h">
      <Filter>ヘッダー ファイル\postProcess</Filter>
    </ClInclude>
    <ClInclude Include="sepiaPostProcess.h">
      <Filter>ヘッダー ファイル\postProcess</Filter>
    </ClInclude>
    <ClInclude Include="simpleBoxBlurPostProcess.h">
      <Filter>ヘッダー ファイル\postProcess</Filter>
    </ClInclude>
    <ClInclude Include="sharpenPostProcess.h">
      <Filter>ヘッダー ファイル\postProcess</Filter>
    </ClInclude>
  </ItemGroup>
</Project>